
Microsoft Visual Studio Solution File, Format Version 12.00
# Visual Studio Version 17
VisualStudioVersion = 17.14.36109.1 d17.14
MinimumVisualStudioVersion = 10.0.40219.1
Project("{FAE04EC0-301F-11D3-BF4B-00C04F79EFBC}") = "T3 ALOIS", "T3 ALOIS.csproj", "{13AB22EF-0DD4-4FA0-9A52-BFA97D7218D7}"
EndProject
Global
	GlobalSection(SolutionConfigurationPlatforms) = preSolution
		Debug|Any CPU = Debug|Any CPU
		Release|Any CPU = Release|Any CPU
	EndGlobalSection
	GlobalSection(ProjectConfigurationPlatforms) = postSolution
		{13AB22EF-0DD4-4FA0-9A52-BFA97D7218D7}.Debug|Any CPU.ActiveCfg = Debug|Any CPU
		{13AB22EF-0DD4-4FA0-9A52-BFA97D7218D7}.Debug|Any CPU.Build.0 = Debug|Any CPU
		{13AB22EF-0DD4-4FA0-9A52-BFA97D7218D7}.Release|Any CPU.ActiveCfg = Release|Any CPU
		{13AB22EF-0DD4-4FA0-9A52-BFA97D7218D7}.Release|Any CPU.Build.0 = Release|Any CPU
	EndGlobalSection
	GlobalSection(SolutionProperties) = preSolution
		HideSolutionNode = FALSE
	EndGlobalSection
	GlobalSection(ExtensibilityGlobals) = postSolution
		SolutionGuid = {52BEB772-72B0-4AE0-9AB2-CEAED88CC350}
	EndGlobalSection
EndGlobal
